
Microsoft Visual Studio Solution File, Format Version 12.00
# Visual Studio Version 16
VisualStudioVersion = 16.0.31829.152
MinimumVisualStudioVersion = 10.0.40219.1
Project("{FAE04EC0-301F-11D3-BF4B-00C04F79EFBC}") = "1_Task5_3", "1_Task5_3\1_Task5_3.csproj", "{7E27B49B-5718-4B86-995D-325E4E562E9B}"
EndProject
Global
	GlobalSection(SolutionConfigurationPlatforms) = preSolution
		Debug|Any CPU = Debug|Any CPU
		Release|Any CPU = Release|Any CPU
	EndGlobalSection
	GlobalSection(ProjectConfigurationPlatforms) = postSolution
		{7E27B49B-5718-4B86-995D-325E4E562E9B}.Debug|Any CPU.ActiveCfg = Debug|Any CPU
		{7E27B49B-5718-4B86-995D-325E4E562E9B}.Debug|Any CPU.Build.0 = Debug|Any CPU
		{7E27B49B-5718-4B86-995D-325E4E562E9B}.Release|Any CPU.ActiveCfg = Release|Any CPU
		{7E27B49B-5718-4B86-995D-325E4E562E9B}.Release|Any CPU.Build.0 = Release|Any CPU
	EndGlobalSection
	GlobalSection(SolutionProperties) = preSolution
		HideSolutionNode = FALSE
	EndGlobalSection
	GlobalSection(ExtensibilityGlobals) = postSolution
		SolutionGuid = {41682E97-21A2-4481-94B4-DB6FAA0193E7}
	EndGlobalSection
EndGlobal
